
Microsoft Visual Studio Solution File, Format Version 11.00
# Visual Studio 2010
Project("{8BC9CEB8-8B4A-11D0-8D11-00A0C91BC942}") = "TinyGestureExample", "TinyGestureExample\TinyGestureExample.vcxproj", "{AF94765F-52AC-41C7-8A38-49E200B07B4C}"
EndProject
Global
	GlobalSection(SolutionConfigurationPlatforms) = preSolution
		Debug|Win32 = Debug|Win32
		Release|Win32 = Release|Win32
	EndGlobalSection
	GlobalSection(ProjectConfigurationPlatforms) = postSolution
		{AF94765F-52AC-41C7-8A38-49E200B07B4C}.Debug|Win32.ActiveCfg = Debug|Win32
		{AF94765F-52AC-41C7-8A38-49E200B07B4C}.Debug|Win32.Build.0 = Debug|Win32
		{AF94765F-52AC-41C7-8A38-49E200B07B4C}.Release|Win32.ActiveCfg = Debug|Win32
		{AF94765F-52AC-41C7-8A38-49E200B07B4C}.Release|Win32.Build.0 = Debug|Win32
	EndGlobalSection
	GlobalSection(SolutionProperties) = preSolution
		HideSolutionNode = FALSE
	EndGlobalSection
EndGlobal
